{
  	"name": "oak",
  	"version": "0.1",
  	"lockfileVersion": 2,
  	"requires": true,
  	"packages": {
  	  	"": {
  	  	  	"name": "oak",
  	  	  	"version": "0.1",
  	  	  	"license": "ISC",
  	  	  	"dependencies": {
  	  	  	  	"arg": "^5.0.1"
  	  	  	},
  	  	  	"bin": {
  	  	  	  	"oak": "cli.js"
  	  	  	}
  	  	},
  	  	"node_modules/arg": {
  	  	  	"version": "5.0.1",
  	  	  	"resolved": "https://registry.npmjs.org/arg/-/arg-5.0.1.tgz",
  	  	  	"integrity": "sha512-e0hDa9H2Z9AwFkk2qDlwhoMYE4eToKarchkQHovNdLTCYMHZHeRjI71crOh+dio4K6u1IcwubQqo79Ga4CyAQA=="
  	  	}
  	},
  	"dependencies": {
  	  	"arg": {
  	  	  	"version": "5.0.1",
  	  	  	"resolved": "https://registry.npmjs.org/arg/-/arg-5.0.1.tgz",
  	  	  	"integrity": "sha512-e0hDa9H2Z9AwFkk2qDlwhoMYE4eToKarchkQHovNdLTCYMHZHeRjI71crOh+dio4K6u1IcwubQqo79Ga4CyAQA=="
  	  	}
  	}
}
